# Generated by conda-lock.
# platform: linux-64
# input_hash: 1bfb0e14426e5f383621717a6e608dfbe9dd52f786307e9c3f2fc3843964dee9
@EXPLICIT
https://repo.anaconda.com/pkgs/main/linux-64/_libgcc_mutex-0.1-main.tar.bz2#013d3f22cd3b87f71224bd936765bcad
https://repo.anaconda.com/pkgs/main/linux-64/blas-1.0-mkl.tar.bz2#751c2c5b239a728db05f91374aaac3a1
https://repo.anaconda.com/pkgs/main/linux-64/ca-certificates-2024.3.11-h06a4308_0.tar.bz2#1202b4ed32215c6405bb42fbff355316
https://repo.anaconda.com/pkgs/main/linux-64/ld_impl_linux-64-2.38-h1181459_1.tar.bz2#9508af80612e4fa1b5d1abb43ca7e63c
https://repo.anaconda.com/pkgs/main/noarch/tzdata-2024a-h04d1e81_0.tar.bz2#ece0f5837a4de2d4d5f1abf8347cd10a
https://repo.anaconda.com/pkgs/main/linux-64/libgomp-11.2.0-h1234567_1.tar.bz2#3080c2813e6e1d0f8a100a38b5b3456d
https://repo.anaconda.com/pkgs/main/linux-64/libstdcxx-ng-11.2.0-h1234567_1.tar.bz2#8c195584a5f5471b600ee180e4052773
https://repo.anaconda.com/pkgs/main/linux-64/_openmp_mutex-5.1-1_gnu.tar.bz2#613805add1c05b538ff06d217252feb7
https://repo.anaconda.com/pkgs/main/linux-64/libgcc-ng-11.2.0-h1234567_1.tar.bz2#641e72e5067bd6d5454405879e1cd2a7
https://repo.anaconda.com/pkgs/main/linux-64/bzip2-1.0.8-h5eee18b_5.tar.bz2#b02d65d19a697e8a84045027f1808b31
https://repo.anaconda.com/pkgs/main/linux-64/expat-2.5.0-h6a678d5_0.tar.bz2#42d5d947fb3bebc9465ddeaf0093a1cb
https://repo.anaconda.com/pkgs/main/linux-64/gmp-6.2.1-h295c915_3.tar.bz2#4f4570f23a92244101431ec46a235436
https://repo.anaconda.com/pkgs/main/linux-64/libffi-3.4.4-h6a678d5_0.tar.bz2#32ac65d639d6c155ea7276cadf1fd2b6
https://repo.anaconda.com/pkgs/main/linux-64/libiconv-1.16-h7f8727e_2.tar.bz2#a8345526ee5452b2c8de4c5ac5b1c05f
https://repo.anaconda.com/pkgs/main/linux-64/libsodium-1.0.18-h7b6447c_0.tar.bz2#6f662c6b244a444869f0c537da106d6d
https://repo.anaconda.com/pkgs/main/linux-64/libuuid-1.41.5-h5eee18b_0.tar.bz2#292768ec77416ae257cfdd44ea2071c8
https://repo.anaconda.com/pkgs/main/linux-64/ncurses-6.4-h6a678d5_0.tar.bz2#57ea097dc15f8d9f9eb90e1d919143b0
https://repo.anaconda.com/pkgs/main/linux-64/ninja-base-1.10.2-hd09550d_5.tar.bz2#fbb47979046951bce6399ebe0391ede8
https://repo.anaconda.com/pkgs/main/linux-64/openssl-3.0.13-h7f8727e_0.tar.bz2#40a571ff3839c015f034b51da60a69a1
https://repo.anaconda.com/pkgs/main/linux-64/tbb-2021.8.0-hdb19cb5_0.tar.bz2#041a3caf09dc9ce8fc6c10925c4fe050
https://repo.anaconda.com/pkgs/main/linux-64/xz-5.4.6-h5eee18b_0.tar.bz2#456c2ad05120ad4756f690c1144aa999
https://repo.anaconda.com/pkgs/main/linux-64/yaml-0.2.5-h7b6447c_0.tar.bz2#fcff4f33bb4e3fa91f8d5c3168807abb
https://repo.anaconda.com/pkgs/main/linux-64/zlib-1.2.13-h5eee18b_0.tar.bz2#4f315d7551f4bbeb06b6fc28342a9aa5
https://repo.anaconda.com/pkgs/main/linux-64/intel-openmp-2023.1.0-hdb19cb5_46306.tar.bz2#3add2ce56858a1b8f6a37342f82773d3
https://repo.anaconda.com/pkgs/main/linux-64/libprotobuf-3.20.3-he621ea3_0.tar.bz2#b32a43de76bc9be9c71f9a12edec8a1e
https://repo.anaconda.com/pkgs/main/linux-64/mpfr-4.0.2-hb69a4c5_1.tar.bz2#207e53f498d2efe14423a980e4d74816
https://repo.anaconda.com/pkgs/main/linux-64/pcre2-10.42-hebb0a14_0.tar.bz2#f44387fdc13fa2fd2a630123c0d82296
https://repo.anaconda.com/pkgs/main/linux-64/readline-8.2-h5eee18b_0.tar.bz2#960bf00d81e7bbdeff2c7d01ed78eaeb
https://repo.anaconda.com/pkgs/main/linux-64/tk-8.6.12-h1ccaba5_0.tar.bz2#5b8375e2092012db69d2123dc0c68630
https://repo.anaconda.com/pkgs/main/linux-64/zeromq-4.3.5-h6a678d5_0.tar.bz2#943f1247a22b6b64171363bcee1eec27
https://repo.anaconda.com/pkgs/main/linux-64/libglib-2.78.4-hdc74915_0.tar.bz2#e35935cc3937ef52b2ef721dddc45738
https://repo.anaconda.com/pkgs/main/linux-64/mkl-2023.1.0-h213fc3f_46344.tar.bz2#ce77d0f05f846da4a6b9e23fe7f21d9b
https://repo.anaconda.com/pkgs/main/linux-64/mpc-1.1.0-h10f8cd9_1.tar.bz2#c3e5119d578d2418331013ba024ba0bc
https://repo.anaconda.com/pkgs/main/linux-64/sqlite-3.41.2-h5eee18b_0.tar.bz2#68c24a824d36a16bbb28d80d70cee8d2
https://repo.anaconda.com/pkgs/main/linux-64/glib-tools-2.78.4-h6a678d5_0.tar.bz2#d8dcbf2be12799cf7f333c21a0e91990
https://repo.anaconda.com/pkgs/main/linux-64/python-3.11.8-h955ad1f_0.tar.bz2#7fa94ac6e31488660ca09b2896b9d96d
https://repo.anaconda.com/pkgs/main/linux-64/async-lru-2.0.4-py311h06a4308_0.tar.bz2#9721c4818b5eea1649443059b488209b
https://repo.anaconda.com/pkgs/main/linux-64/attrs-23.1.0-py311h06a4308_0.tar.bz2#4e0aa1543f546b898523382ee8405e84
https://repo.anaconda.com/pkgs/main/linux-64/brotli-python-1.0.9-py311h6a678d5_7.tar.bz2#c64bed33690b27399c697e2f0aaae8dc
https://repo.anaconda.com/pkgs/main/linux-64/certifi-2024.2.2-py311h06a4308_0.tar.bz2#5dbfa083e6ab6318fac58fe0e0c94445
https://repo.anaconda.com/pkgs/main/noarch/charset-normalizer-2.0.4-pyhd3eb1b0_0.tar.bz2#544adf2677c47c9b9c891aea720678f1
https://repo.anaconda.com/pkgs/main/linux-64/crashtest-0.4.1-py311h06a4308_0.tar.bz2#fc067bc031dcd1023af740e6bb0b6c45
https://repo.anaconda.com/pkgs/main/linux-64/debugpy-1.6.7-py311h6a678d5_0.tar.bz2#70a1263b6e19bf2d77c020a2e77277c9
https://repo.anaconda.com/pkgs/main/noarch/decorator-5.1.1-pyhd3eb1b0_0.tar.bz2#6072a09eeab81c07c98065234e46af1e
https://repo.anaconda.com/pkgs/main/noarch/defusedxml-0.7.1-pyhd3eb1b0_0.tar.bz2#b9280feeee8d845ba495a701bae72de9
https://repo.anaconda.com/pkgs/main/linux-64/distlib-0.3.6-py311h06a4308_0.tar.bz2#ce530482926999f1e3cdb197b0a7c4b7
https://repo.anaconda.com/pkgs/main/noarch/executing-0.8.3-pyhd3eb1b0_0.tar.bz2#1bdd5a02233d229e76081a73659e9405
https://repo.anaconda.com/pkgs/main/linux-64/filelock-3.13.1-py311h06a4308_0.tar.bz2#e03def328fbf737aa20e3060921eea04
https://repo.anaconda.com/pkgs/main/linux-64/fsspec-2023.10.0-py311h06a4308_0.tar.bz2#a145e4f64de83d744d152fc1d921801b
https://repo.anaconda.com/pkgs/main/linux-64/glib-2.78.4-h6a678d5_0.tar.bz2#32538e0c24874a85011a094217830bd4
https://repo.anaconda.com/pkgs/main/linux-64/gmpy2-2.1.2-py311hc9b5ff0_0.tar.bz2#1d34d0dd61007a32f6786c90581ea433
https://repo.anaconda.com/pkgs/main/linux-64/idna-3.4-py311h06a4308_0.tar.bz2#c4aa1c5005412821f81fa13e4cd78514
https://repo.anaconda.com/pkgs/main/noarch/jeepney-0.7.1-pyhd3eb1b0_0.tar.bz2#2e0b6c8c936a841df7bba3ddbb8b3a11
https://repo.anaconda.com/pkgs/main/noarch/json5-0.9.6-pyhd3eb1b0_0.tar.bz2#91e3336204a0ea3951957d7d5e8f3e26
https://repo.anaconda.com/pkgs/main/linux-64/lockfile-0.12.2-py311h06a4308_0.tar.bz2#e76d52bc78f00c21550011dcd61c98e4
https://repo.anaconda.com/pkgs/main/linux-64/markupsafe-2.1.3-py311h5eee18b_0.tar.bz2#5b1abbbf1e4f9b350b16fc9caf9e889b
https://repo.anaconda.com/pkgs/main/linux-64/mistune-2.0.4-py311h06a4308_0.tar.bz2#e602057e3b3d80da88c61d66e8851c5b
https://repo.anaconda.com/pkgs/main/linux-64/mkl-service-2.4.0-py311h5eee18b_1.tar.bz2#d6cdc670327bd1675bbea642849f04e1
https://repo.anaconda.com/pkgs/main/linux-64/more-itertools-10.1.0-py311h06a4308_0.tar.bz2#bb5403a96b37a79aea51168bdfce75b7
https://repo.anaconda.com/pkgs/main/linux-64/mpmath-1.3.0-py311h06a4308_0.tar.bz2#f58ced2a3f9fd63f39c16d003f62b2c2
https://repo.anaconda.com/pkgs/main/linux-64/msgpack-python-1.0.3-py311hdb19cb5_0.tar.bz2#17145d1745996667614b52d2b27a1403
https://repo.anaconda.com/pkgs/main/linux-64/nest-asyncio-1.6.0-py311h06a4308_0.tar.bz2#2b21844d2b0024d0ffad0e6450cf0855
https://repo.anaconda.com/pkgs/main/linux-64/networkx-3.1-py311h06a4308_0.tar.bz2#dd61a2f9a2a61851d722f61ddbf0bcd9
https://repo.anaconda.com/pkgs/main/linux-64/ninja-1.10.2-h06a4308_5.tar.bz2#f4a9e0be780d872eef17429f13fa4230
https://repo.anaconda.com/pkgs/main/linux-64/overrides-7.4.0-py311h06a4308_0.tar.bz2#c51c21da68080d89300703ad818c824a
https://repo.anaconda.com/pkgs/main/linux-64/packaging-23.2-py311h06a4308_0.tar.bz2#08ceb294ba8a9ae13630da789884736e
https://repo.anaconda.com/pkgs/main/noarch/pandocfilters-1.5.0-pyhd3eb1b0_0.tar.bz2#0cb9961d77df143d6d65580d713aade1
https://repo.anaconda.com/pkgs/main/noarch/parso-0.8.3-pyhd3eb1b0_0.tar.bz2#19dd0314629d343382a76a309cb7d183
https://repo.anaconda.com/pkgs/main/linux-64/pkginfo-1.9.6-py311h06a4308_0.tar.bz2#99c4222cfef1761b7e039180b98f7438
https://repo.anaconda.com/pkgs/main/linux-64/platformdirs-2.5.2-py311h06a4308_0.tar.bz2#887f38307e5c897953531b5af4cb3a3b
https://repo.anaconda.com/pkgs/main/linux-64/poetry-core-1.5.1-py311h06a4308_0.tar.bz2#6ec729d8f6dcfe524e4d7a31d1ab66ae
https://repo.anaconda.com/pkgs/main/linux-64/prometheus_client-0.14.1-py311h06a4308_0.tar.bz2#66a6818307261b1a28ab12d1b7776fdf
https://repo.anaconda.com/pkgs/main/linux-64/psutil-5.9.0-py311h5eee18b_0.tar.bz2#2d57bf8eacf3f291db845928241f724c
https://repo.anaconda.com/pkgs/main/noarch/ptyprocess-0.7.0-pyhd3eb1b0_2.tar.bz2#62f3bb16b31fa9498a41fc4ad2b4f43c
https://repo.anaconda.com/pkgs/main/noarch/pure_eval-0.2.2-pyhd3eb1b0_0.tar.bz2#8be7529b5e573e3cbc6df277b9950109
https://repo.anaconda.com/pkgs/main/noarch/pycparser-2.21-pyhd3eb1b0_0.tar.bz2#e70944ff53d19af4f65073a4f21c7b05
https://repo.anaconda.com/pkgs/main/linux-64/pygments-2.15.1-py311h06a4308_1.tar.bz2#a1f0e05fc7e49712f81ad5478ec9d51e
https://repo.anaconda.com/pkgs/main/linux-64/pyproject_hooks-1.0.0-py311h06a4308_0.tar.bz2#c70f67f173dbd3a92b93158b2359ba29
https://repo.anaconda.com/pkgs/main/linux-64/pysocks-1.7.1-py311h06a4308_0.tar.bz2#2458e92683cc68671a6c8e1b86ce8817
https://repo.anaconda.com/pkgs/main/linux-64/python-fastjsonschema-2.16.2-py311h06a4308_0.tar.bz2#59ec670fcd172447dbd9591b8fbfdd56
https://repo.anaconda.com/pkgs/main/linux-64/python-installer-0.6.0-py311h06a4308_0.tar.bz2#906cbf9a96e844d371d6635f4435cf80
https://repo.anaconda.com/pkgs/main/linux-64/python-json-logger-2.0.7-py311h06a4308_0.tar.bz2#93000e4d3603342779a2afda66fa91b8
https://repo.anaconda.com/pkgs/main/linux-64/pytz-2023.3.post1-py311h06a4308_0.tar.bz2#765c02a2485efe5e6307e2d424d0eba0
https://repo.anaconda.com/pkgs/main/linux-64/pyyaml-6.0.1-py311h5eee18b_0.tar.bz2#f9e8e3f7068f717f75e555dc04545d8d
https://repo.anaconda.com/pkgs/main/linux-64/pyzmq-25.1.2-py311h6a678d5_0.tar.bz2#eb62cbfdbe25aaebbafad6166ec66903
https://repo.anaconda.com/pkgs/main/linux-64/rfc3986-validator-0.1.1-py311h06a4308_0.tar.bz2#fd5815cc592fdbd4c831901541eadaba
https://repo.anaconda.com/pkgs/main/linux-64/rpds-py-0.10.6-py311hb02cf49_0.tar.bz2#f01333e9f0a908e435db650f42fbd2db
https://repo.anaconda.com/pkgs/main/linux-64/send2trash-1.8.2-py311h06a4308_0.tar.bz2#41d531c90be8c82bf79635ff3d409476
https://repo.anaconda.com/pkgs/main/linux-64/setuptools-68.2.2-py311h06a4308_0.tar.bz2#86f5c1e109c9b35531a693b9c6f025b9
https://repo.anaconda.com/pkgs/main/linux-64/shellingham-1.5.0-py311h06a4308_0.tar.bz2#6bcab5bab5dbc27a5e18df8586012523
https://repo.anaconda.com/pkgs/main/noarch/six-1.16.0-pyhd3eb1b0_1.tar.bz2#0a3ab834ba49016e183e715bff48a2b6
https://repo.anaconda.com/pkgs/main/linux-64/sniffio-1.3.0-py311h06a4308_0.tar.bz2#a456513471b2ecbed60430c21dd1ccc7
https://repo.anaconda.com/pkgs/main/linux-64/soupsieve-2.5-py311h06a4308_0.tar.bz2#28ed704ed26b06d32662e3a6a87e59b0
https://repo.anaconda.com/pkgs/main/linux-64/tomlkit-0.11.1-py311h06a4308_0.tar.bz2#822548273bcfc762ef31820f160d2e03
https://repo.anaconda.com/pkgs/main/linux-64/tornado-6.3.3-py311h5eee18b_0.tar.bz2#6793c74fe94211c0bfe6766c6dd490af
https://repo.anaconda.com/pkgs/main/linux-64/traitlets-5.7.1-py311h06a4308_0.tar.bz2#f2c25e5dfdd23f70b83776a8832893cf
https://repo.anaconda.com/pkgs/main/linux-64/trove-classifiers-2023.10.18-py311h06a4308_0.tar.bz2#2a3a1e8b93766de8bdf6639033f8ddfa
https://repo.anaconda.com/pkgs/main/linux-64/typing_extensions-4.9.0-py311h06a4308_1.tar.bz2#c6d716b2a8ae08f6e4039ea74d13b79f
https://repo.anaconda.com/pkgs/main/noarch/wcwidth-0.2.5-pyhd3eb1b0_0.tar.bz2#98982290b7b7eff532ec6dead415172b
https://repo.anaconda.com/pkgs/main/linux-64/webencodings-0.5.1-py311h06a4308_1.tar.bz2#a4c77e204b7787f820955166a1283168
https://repo.anaconda.com/pkgs/main/linux-64/wheel-0.41.2-py311h06a4308_0.tar.bz2#9a75092954c0c7c5cc61b9a6ff27cbc8
https://repo.anaconda.com/pkgs/main/linux-64/zipp-3.17.0-py311h06a4308_0.tar.bz2#b1d8823f50228d4efb7b7a6e267ed776
https://repo.anaconda.com/pkgs/main/linux-64/anyio-4.2.0-py311h06a4308_0.tar.bz2#b48058294499d292ddf9a3b966dc9cc5
https://repo.anaconda.com/pkgs/main/noarch/asttokens-2.0.5-pyhd3eb1b0_0.tar.bz2#d9c6faf4f1a52c664ef1343f464e45b5
https://repo.anaconda.com/pkgs/main/linux-64/babel-2.11.0-py311h06a4308_0.tar.bz2#d0cde1ca577520a608da5ab86421f9aa
https://repo.anaconda.com/pkgs/main/linux-64/beautifulsoup4-4.12.2-py311h06a4308_0.tar.bz2#2f0ef211bf628cd22bbfa44c3f9bc035
https://repo.anaconda.com/pkgs/main/noarch/bleach-4.1.0-pyhd3eb1b0_0.tar.bz2#d78a456773bd4df323a2dfb4d8710b90
https://repo.anaconda.com/pkgs/main/linux-64/cffi-1.16.0-py311h5eee18b_0.tar.bz2#b4449b087c14709979812e47b3f9e8d8
https://repo.anaconda.com/pkgs/main/linux-64/comm-0.2.1-py311h06a4308_0.tar.bz2#443c79196064f57c98199e9990544b2f
https://repo.anaconda.com/pkgs/main/linux-64/dbus-1.13.18-hb2f20db_0.tar.bz2#498d0788982ec4c5d13a44359b9c7afb
https://repo.anaconda.com/pkgs/main/noarch/html5lib-1.1-pyhd3eb1b0_0.tar.bz2#7a9fa936878258757f23ffe4b2e8ecf7
https://repo.anaconda.com/pkgs/main/linux-64/importlib-metadata-7.0.1-py311h06a4308_0.tar.bz2#23d7d38e93d930ea5e2cc5f4079d3816
https://repo.anaconda.com/pkgs/main/noarch/jaraco.classes-3.2.1-pyhd3eb1b0_0.tar.bz2#c27a786f5f677f25a280f80e5f64ffb7
https://repo.anaconda.com/pkgs/main/linux-64/jedi-0.18.1-py311h06a4308_1.tar.bz2#84fadd6b7fef393cccc0d123dae6cae8
https://repo.anaconda.com/pkgs/main/linux-64/jinja2-3.1.3-py311h06a4308_0.tar.bz2#42a8f32c4d842d3e5410b2bc1cc2fb57
https://repo.anaconda.com/pkgs/main/linux-64/jupyter_core-5.5.0-py311h06a4308_0.tar.bz2#bd28d36963087f53a79b23fee697d665
https://repo.anaconda.com/pkgs/main/noarch/jupyterlab_pygments-0.1.2-py_0.tar.bz2#33624a42ee387bf9918ea98b4e7b31fc
https://repo.anaconda.com/pkgs/main/linux-64/matplotlib-inline-0.1.6-py311h06a4308_0.tar.bz2#fc83dd1b3d2ec3c0a297ead0c3405907
https://repo.anaconda.com/pkgs/main/linux-64/numpy-base-1.26.4-py311hf175353_0.tar.bz2#7b29e7191c4170189d6080e61229f030
https://repo.anaconda.com/pkgs/main/noarch/pexpect-4.8.0-pyhd3eb1b0_3.tar.bz2#5122a68ef2c53409eda11f07f1c3d7c7
https://repo.anaconda.com/pkgs/main/linux-64/pip-23.3.1-py311h06a4308_0.tar.bz2#aebee46c2eadf95ea8633847612f0f15
https://repo.anaconda.com/pkgs/main/linux-64/poetry-plugin-export-1.3.0-py311h4849bfd_0.tar.bz2#c4635e928203a7bef510336f6f3ce8e2
https://repo.anaconda.com/pkgs/main/linux-64/prompt-toolkit-3.0.43-py311h06a4308_0.tar.bz2#d945b4ccc135005839c504cc29df1745
https://repo.anaconda.com/pkgs/main/linux-64/python-build-0.10.0-py311h06a4308_0.tar.bz2#5d25c94b762b705c7fec59816d93ffbd
https://repo.anaconda.com/pkgs/main/noarch/python-dateutil-2.8.2-pyhd3eb1b0_0.tar.bz2#2eb923cc014094f4acf7f849d67d73f8
https://repo.anaconda.com/pkgs/main/linux-64/referencing-0.30.2-py311h06a4308_0.tar.bz2#db70eb57e33adf7b8bbdadd72214d48d
https://repo.anaconda.com/pkgs/main/linux-64/rfc3339-validator-0.1.4-py311h06a4308_0.tar.bz2#cde5b71ccbb3630053340b2c8c7dbf10
https://repo.anaconda.com/pkgs/main/linux-64/sympy-1.12-py311h06a4308_0.tar.bz2#1fd07d2eac1f9452c4b65b0157e003e9
https://repo.anaconda.com/pkgs/main/linux-64/terminado-0.17.1-py311h06a4308_0.tar.bz2#442dde204d14d171aab9ee40e8de4de8
https://repo.anaconda.com/pkgs/main/linux-64/tinycss2-1.2.1-py311h06a4308_0.tar.bz2#2902d5a5854865baaaf58dc59cf06b3c
https://repo.anaconda.com/pkgs/main/linux-64/typing-extensions-4.9.0-py311h06a4308_1.tar.bz2#570cf697aaefcaee710444daef8a11d1
https://repo.anaconda.com/pkgs/main/linux-64/virtualenv-20.17.1-py311h06a4308_0.tar.bz2#b2f5788ab19f4fb7f3286062fd6b15db
https://repo.anaconda.com/pkgs/main/linux-64/websocket-client-0.58.0-py311h06a4308_4.tar.bz2#07dc61e2e59fe57a9bfe8efcbb23ffe6
https://repo.anaconda.com/pkgs/main/linux-64/argon2-cffi-bindings-21.2.0-py311h5eee18b_0.tar.bz2#062acdb0f9ae976c25c2d15d589dc1d6
https://repo.anaconda.com/pkgs/main/linux-64/cryptography-42.0.5-py311hdda0065_0.tar.bz2#484e79857fe5da8a79abea23de6b1615
https://repo.anaconda.com/pkgs/main/noarch/importlib_metadata-7.0.1-hd3eb1b0_0.tar.bz2#083aaa7111e093e56e8cec26e6d7cc8a
https://repo.anaconda.com/pkgs/main/linux-64/jsonschema-specifications-2023.7.1-py311h06a4308_0.tar.bz2#84ae4cf3f2d01fbebdac374971192be9
https://repo.anaconda.com/pkgs/main/linux-64/jupyter_client-8.6.0-py311h06a4308_0.tar.bz2#555ea509581f49256e7aae2ff5dce460
https://repo.anaconda.com/pkgs/main/linux-64/jupyter_server_terminals-0.4.4-py311h06a4308_1.tar.bz2#ee128e5c0d8d9e1952e2387b66a5b8cb
https://repo.anaconda.com/pkgs/main/noarch/prompt_toolkit-3.0.43-hd3eb1b0_0.tar.bz2#f824bca0e3a4f9dcc1eb5ea22b5e00a3
https://repo.anaconda.com/pkgs/main/noarch/stack_data-0.2.0-pyhd3eb1b0_0.tar.bz2#fa3edcfd4c2c0d744bc177cbfcd77626
https://repo.anaconda.com/pkgs/main/noarch/argon2-cffi-21.3.0-pyhd3eb1b0_0.tar.bz2#32685aa840f6868407a3150184ebbf90
https://repo.anaconda.com/pkgs/main/linux-64/ipython-8.20.0-py311h06a4308_0.tar.bz2#68e23f14cd222c233e6b37262bc61c23
https://repo.anaconda.com/pkgs/main/linux-64/jsonschema-4.19.2-py311h06a4308_0.tar.bz2#8bb3215912588e47e2eeb4e7a09ad64f
https://repo.anaconda.com/pkgs/main/linux-64/pyopenssl-24.0.0-py311h06a4308_0.tar.bz2#06d008674ad6c3023d07100d2dbc4f4c
https://repo.anaconda.com/pkgs/main/linux-64/secretstorage-3.3.1-py311h06a4308_1.tar.bz2#71bd10b576f095ba2a9c7b3a80bcf992
https://repo.anaconda.com/pkgs/main/linux-64/ipykernel-6.28.0-py311h06a4308_0.tar.bz2#632575b9e442c1e5c146cf78424da610
https://repo.anaconda.com/pkgs/main/linux-64/jupyter_events-0.8.0-py311h06a4308_0.tar.bz2#8fc7e517da96c2c482331f6b08d07a17
https://repo.anaconda.com/pkgs/main/linux-64/keyring-23.13.1-py311h06a4308_0.tar.bz2#4d28e7e98b09e15dfd72dea93b0e15e5
https://repo.anaconda.com/pkgs/main/linux-64/nbformat-5.9.2-py311h06a4308_0.tar.bz2#50c0e38207a131a5de6a14ef919ffcdc
https://repo.anaconda.com/pkgs/main/linux-64/urllib3-1.26.18-py311h06a4308_0.tar.bz2#5f6328eb4f466131b7d3f608bae754b5
https://repo.anaconda.com/pkgs/main/linux-64/dulwich-0.21.3-py311h5eee18b_0.tar.bz2#f989fa916ef73f275640a22ed7b3cc70
https://repo.anaconda.com/pkgs/main/linux-64/nbclient-0.8.0-py311h06a4308_0.tar.bz2#185f658ba8a74e326b7231c8fd0d62bf
https://repo.anaconda.com/pkgs/main/linux-64/requests-2.31.0-py311h06a4308_1.tar.bz2#57c5bcb9eae9f1d93ccfd38025660de2
https://repo.anaconda.com/pkgs/main/linux-64/cachecontrol-0.12.11-py311h06a4308_1.tar.bz2#614938da04995263b426422b832aa366
https://repo.anaconda.com/pkgs/main/linux-64/nbconvert-7.10.0-py311h06a4308_0.tar.bz2#ed6ac14aed5a796b153d757862398997
https://repo.anaconda.com/pkgs/main/noarch/requests-toolbelt-0.9.1-pyhd3eb1b0_0.tar.bz2#0f4ac1dfc7699331821b3a6545d5fa13
https://repo.anaconda.com/pkgs/main/linux-64/jupyter_server-2.10.0-py311h06a4308_0.tar.bz2#50204f372b1672871d6ab3db6a876374
https://repo.anaconda.com/pkgs/main/linux-64/jupyter-lsp-2.2.0-py311h06a4308_0.tar.bz2#d82f26a5c414b519c7737240fb7f342e
https://repo.anaconda.com/pkgs/main/linux-64/jupyterlab_server-2.25.1-py311h06a4308_0.tar.bz2#59a08c840ebfa765cfe5d4dc764804c7
https://repo.anaconda.com/pkgs/main/linux-64/notebook-shim-0.2.3-py311h06a4308_0.tar.bz2#d276d1b1774107987963135c78ca7390
https://repo.anaconda.com/pkgs/main/linux-64/jupyterlab-4.0.11-py311h06a4308_0.tar.bz2#728bdb3c057e57cd963f304d2c8a48a9
https://repo.anaconda.com/pkgs/main/linux-64/cleo-2.1.0-py311h06a4308_0.tar.bz2#ae1f4b0399e9b1816786dc0c64d32ed5
https://repo.anaconda.com/pkgs/main/linux-64/poetry-1.4.0-py311h06a4308_0.tar.bz2#0a0bc769cff72b7629c12f0b51273872
https://repo.anaconda.com/pkgs/main/linux-64/mkl_fft-1.3.8-py311h5eee18b_0.tar.bz2#bbd69efa3f24ee747410f83118640d92
https://repo.anaconda.com/pkgs/main/linux-64/mkl_random-1.2.4-py311hdb19cb5_0.tar.bz2#61d58663b7277cf4cc3cb8d9873d3ee8
https://repo.anaconda.com/pkgs/main/linux-64/numpy-1.26.4-py311h08b1b3b_0.tar.bz2#fe8242cfd54d238507493612ae697ad4
https://repo.anaconda.com/pkgs/main/linux-64/pytorch-2.2.0-cpu_py311h6d93b4c_0.tar.bz2#d053a5bb4aa27be01f16d55f90c71848
https://repo.anaconda.com/pkgs/main/linux-64/rapidfuzz-3.5.2-py311h6a678d5_0.tar.bz2#02a2eb535e482b4764a24929bf46225d
